
Microsoft Visual Studio Solution File, Format Version 12.00
# Visual Studio Version 16
VisualStudioVersion = 16.0.31320.298
MinimumVisualStudioVersion = 10.0.40219.1
Project("{FAE04EC0-301F-11D3-BF4B-00C04F79EFBC}") = "WebApp_BBM_CampaignPromo", "WebApp_BBM_CampaignPromo\WebApp_BBM_CampaignPromo.csproj", "{117BB04A-079E-4CF1-99E6-C62F558D3C02}"
EndProject
Global
	GlobalSection(SolutionConfigurationPlatforms) = preSolution
		Debug|Any CPU = Debug|Any CPU
		Release|Any CPU = Release|Any CPU
	EndGlobalSection
	GlobalSection(ProjectConfigurationPlatforms) = postSolution
		{117BB04A-079E-4CF1-99E6-C62F558D3C02}.Debug|Any CPU.ActiveCfg = Debug|Any CPU
		{117BB04A-079E-4CF1-99E6-C62F558D3C02}.Debug|Any CPU.Build.0 = Debug|Any CPU
		{117BB04A-079E-4CF1-99E6-C62F558D3C02}.Release|Any CPU.ActiveCfg = Release|Any CPU
		{117BB04A-079E-4CF1-99E6-C62F558D3C02}.Release|Any CPU.Build.0 = Release|Any CPU
	EndGlobalSection
	GlobalSection(SolutionProperties) = preSolution
		HideSolutionNode = FALSE
	EndGlobalSection
	GlobalSection(ExtensibilityGlobals) = postSolution
		SolutionGuid = {D104997A-252A-4F9E-ACE5-E505C7BABD4B}
	EndGlobalSection
EndGlobal
